{
  "name": "bb-usurt-mcp",
  "version": "0.1.0",
  "lockfileVersion": 3,
  "requires": true,
  "packages": {
    "": {
      "name": "bb-usurt-mcp",
      "version": "0.1.0",
      "dependencies": {
        "httpcloak": "1.7.2"
      },
      "engines": {
        "node": ">=22"
      }
    },
    "node_modules/@httpcloak/darwin-arm64": {
      "version": "1.7.2",
      "resolved": "https://registry.npmjs.org/@httpcloak/darwin-arm64/-/darwin-arm64-1.7.2.tgz",
      "integrity": "sha512-oUxEIpDlRXbCZOjKzeWwmpO3rJMORhhNzEPM5uSICnMEFDk2yj0x4jrAX3fXvy6hf4ULcF39pCfpFWnnwkt5+Q==",
      "cpu": [
        "arm64"
      ],
      "license": "MIT",
      "optional": true,
      "os": [
        "darwin"
      ]
    },
    "node_modules/@httpcloak/darwin-x64": {
      "version": "1.7.2",
      "resolved": "https://registry.npmjs.org/@httpcloak/darwin-x64/-/darwin-x64-1.7.2.tgz",
      "integrity": "sha512-vKjmAGFH8zJCbxnZp30MergSKlsl9MSlCBBx0+Olm9AILP0UFz0OIIyoLL5P0Men72SA9LYmfuKFJvCEaFarSA==",
      "cpu": [
        "x64"
      ],
      "license": "MIT",
      "optional": true,
      "os": [
        "darwin"
      ]
    },
    "node_modules/@httpcloak/linux-arm64": {
      "version": "1.7.2",
      "resolved": "https://registry.npmjs.org/@httpcloak/linux-arm64/-/linux-arm64-1.7.2.tgz",
      "integrity": "sha512-n7lPVITC1a9/D4E9KxNIzZyk6C9kXcuD100x7pb1wwA0gqcWWF7Iidxytj6Cim29j7hij+xf3qyn4+mFqQSplA==",
      "cpu": [
        "arm64"
      ],
      "license": "MIT",
      "optional": true,
      "os": [
        "linux"
      ]
    },
    "node_modules/@httpcloak/linux-x64": {
      "version": "1.7.2",
      "resolved": "https://registry.npmjs.org/@httpcloak/linux-x64/-/linux-x64-1.7.2.tgz",
      "integrity": "sha512-q8Nq9cZ49XfR4SLiRRgCi+e2x94xcLPsEPsf1ad1lBbED4QpwvztsujM484qtB86JuE15Gl6ZyCRK7euyNZflg==",
      "cpu": [
        "x64"
      ],
      "license": "MIT",
      "optional": true,
      "os": [
        "linux"
      ]
    },
    "node_modules/@httpcloak/win32-x64": {
      "version": "1.7.2",
      "resolved": "https://registry.npmjs.org/@httpcloak/win32-x64/-/win32-x64-1.7.2.tgz",
      "integrity": "sha512-DfvKynFz1D/anmXcAfV41T4nl4VukkmDCKlSC4zIsCIrvpN+07frwwibYQMYdC/YOD3tDtpGrDzDLPrcWUCYMQ==",
      "cpu": [
        "x64"
      ],
      "license": "MIT",
      "optional": true,
      "os": [
        "win32"
      ]
    },
    "node_modules/httpcloak": {
      "version": "1.7.2",
      "resolved": "https://registry.npmjs.org/httpcloak/-/httpcloak-1.7.2.tgz",
      "integrity": "sha512-PSZqlDMiiYPZMTjXQvLcSJWHf50a8CbVeSehWoJJ3HZAxDcYwVHyX8UpktLUIy4wAlbXbeo3orreEg/sweQQcg==",
      "license": "MIT",
      "dependencies": {
        "koffi": "^2.9.0"
      },
      "engines": {
        "node": ">=14.0.0"
      },
      "optionalDependencies": {
        "@httpcloak/darwin-arm64": "1.7.2",
        "@httpcloak/darwin-x64": "1.7.2",
        "@httpcloak/linux-arm64": "1.7.2",
        "@httpcloak/linux-x64": "1.7.2",
        "@httpcloak/win32-x64": "1.7.2"
      }
    },
    "node_modules/koffi": {
      "version": "2.16.3",
      "resolved": "https://registry.npmjs.org/koffi/-/koffi-2.16.3.tgz",
      "integrity": "sha512-E9y1AsgYGlaxMhcZzHr8y96QF2U5XzA12GGVAfbWqIubTwPNMXQarfBzePNXHe0xtIEtNd6ifAv3GAKYGUeBAQ==",
      "hasInstallScript": true,
      "license": "MIT",
      "funding": {
        "url": "https://liberapay.com/Koromix"
      }
    }
  }
}
